
Microsoft Visual Studio Solution File, Format Version 12.00
Project("{FAE04EC0-301F-11D3-BF4B-00C04F79EFBC}") = "RomanToInteger", "RomanToInteger\RomanToInteger.csproj", "{8559CE82-5338-4EFE-8BD9-36283B84325A}"
EndProject
Project("{FAE04EC0-301F-11D3-BF4B-00C04F79EFBC}") = "RomanNumeralTests", "RomanNumeralTests\RomanNumeralTests.csproj", "{58CE9630-42E9-46BD-83EB-3CE25FC667E2}"
EndProject
Project("{FAE04EC0-301F-11D3-BF4B-00C04F79EFBC}") = "RomanNumeralBenchmarks", "RomanNumeralBenchmarks\RomanNumeralBenchmarks.csproj", "{B704A761-600E-413C-B98E-F34EE1F07ADA}"
EndProject
Global
	GlobalSection(SolutionConfigurationPlatforms) = preSolution
		Debug|Any CPU = Debug|Any CPU
		Release|Any CPU = Release|Any CPU
	EndGlobalSection
	GlobalSection(ProjectConfigurationPlatforms) = postSolution
		{8559CE82-5338-4EFE-8BD9-36283B84325A}.Debug|Any CPU.ActiveCfg = Debug|Any CPU
		{8559CE82-5338-4EFE-8BD9-36283B84325A}.Debug|Any CPU.Build.0 = Debug|Any CPU
		{8559CE82-5338-4EFE-8BD9-36283B84325A}.Release|Any CPU.ActiveCfg = Release|Any CPU
		{8559CE82-5338-4EFE-8BD9-36283B84325A}.Release|Any CPU.Build.0 = Release|Any CPU
		{58CE9630-42E9-46BD-83EB-3CE25FC667E2}.Debug|Any CPU.ActiveCfg = Debug|Any CPU
		{58CE9630-42E9-46BD-83EB-3CE25FC667E2}.Debug|Any CPU.Build.0 = Debug|Any CPU
		{58CE9630-42E9-46BD-83EB-3CE25FC667E2}.Release|Any CPU.ActiveCfg = Release|Any CPU
		{58CE9630-42E9-46BD-83EB-3CE25FC667E2}.Release|Any CPU.Build.0 = Release|Any CPU
		{B704A761-600E-413C-B98E-F34EE1F07ADA}.Debug|Any CPU.ActiveCfg = Debug|Any CPU
		{B704A761-600E-413C-B98E-F34EE1F07ADA}.Debug|Any CPU.Build.0 = Debug|Any CPU
		{B704A761-600E-413C-B98E-F34EE1F07ADA}.Release|Any CPU.ActiveCfg = Release|Any CPU
		{B704A761-600E-413C-B98E-F34EE1F07ADA}.Release|Any CPU.Build.0 = Release|Any CPU
	EndGlobalSection
EndGlobal
